
Microsoft Visual Studio Solution File, Format Version 12.00
# Visual Studio 16
Project("{FAE04EC0-301F-11D3-BF4B-00C04F79EFBC}") = "Assembly-CSharp", "Assembly-CSharp.csproj", "{82613D21-2A0A-AB7C-E772-83B7C110F102}"
EndProject
Project("{FAE04EC0-301F-11D3-BF4B-00C04F79EFBC}") = "Assembly-CSharp-Editor", "Assembly-CSharp-Editor.csproj", "{B3A3E601-1CEB-5BA9-373E-F2DF060A1967}"
EndProject
Global
	GlobalSection(SolutionConfigurationPlatforms) = preSolution
		Debug|Any CPU = Debug|Any CPU
		Release|Any CPU = Release|Any CPU
	EndGlobalSection
	GlobalSection(ProjectConfigurationPlatforms) = postSolution
		{82613D21-2A0A-AB7C-E772-83B7C110F102}.Debug|Any CPU.ActiveCfg = Debug|Any CPU
		{82613D21-2A0A-AB7C-E772-83B7C110F102}.Debug|Any CPU.Build.0 = Debug|Any CPU
		{82613D21-2A0A-AB7C-E772-83B7C110F102}.Release|Any CPU.ActiveCfg = Release|Any CPU
		{82613D21-2A0A-AB7C-E772-83B7C110F102}.Release|Any CPU.Build.0 = Release|Any CPU
		{B3A3E601-1CEB-5BA9-373E-F2DF060A1967}.Debug|Any CPU.ActiveCfg = Debug|Any CPU
		{B3A3E601-1CEB-5BA9-373E-F2DF060A1967}.Debug|Any CPU.Build.0 = Debug|Any CPU
		{B3A3E601-1CEB-5BA9-373E-F2DF060A1967}.Release|Any CPU.ActiveCfg = Release|Any CPU
		{B3A3E601-1CEB-5BA9-373E-F2DF060A1967}.Release|Any CPU.Build.0 = Release|Any CPU
	EndGlobalSection
	GlobalSection(SolutionProperties) = preSolution
		HideSolutionNode = FALSE
	EndGlobalSection
	GlobalSection(MonoDevelopProperties) = preSolution
		StartupItem = Assembly-CSharp.csproj
	EndGlobalSection
EndGlobal
