
Microsoft Visual Studio Solution File, Format Version 12.00
# Visual Studio 16
Project("{FAE04EC0-301F-11D3-BF4B-00C04F79EFBC}") = "Assembly-CSharp", "Assembly-CSharp.csproj", "{5604A3C9-E61F-B654-5630-1B54DA2C292C}"
EndProject
Project("{FAE04EC0-301F-11D3-BF4B-00C04F79EFBC}") = "Assembly-CSharp-Editor", "Assembly-CSharp-Editor.csproj", "{5DC62F4D-3D9B-4BF5-5F40-14463C365A6B}"
EndProject
Project("{FAE04EC0-301F-11D3-BF4B-00C04F79EFBC}") = "Tests", "Tests.csproj", "{2FCD38F8-98EE-C78B-9B50-A78E63CDC529}"
EndProject
Global
	GlobalSection(SolutionConfigurationPlatforms) = preSolution
		Debug|Any CPU = Debug|Any CPU
		Release|Any CPU = Release|Any CPU
	EndGlobalSection
	GlobalSection(ProjectConfigurationPlatforms) = postSolution
		{5604A3C9-E61F-B654-5630-1B54DA2C292C}.Debug|Any CPU.ActiveCfg = Debug|Any CPU
		{5604A3C9-E61F-B654-5630-1B54DA2C292C}.Debug|Any CPU.Build.0 = Debug|Any CPU
		{5604A3C9-E61F-B654-5630-1B54DA2C292C}.Release|Any CPU.ActiveCfg = Release|Any CPU
		{5604A3C9-E61F-B654-5630-1B54DA2C292C}.Release|Any CPU.Build.0 = Release|Any CPU
		{5DC62F4D-3D9B-4BF5-5F40-14463C365A6B}.Debug|Any CPU.ActiveCfg = Debug|Any CPU
		{5DC62F4D-3D9B-4BF5-5F40-14463C365A6B}.Debug|Any CPU.Build.0 = Debug|Any CPU
		{5DC62F4D-3D9B-4BF5-5F40-14463C365A6B}.Release|Any CPU.ActiveCfg = Release|Any CPU
		{5DC62F4D-3D9B-4BF5-5F40-14463C365A6B}.Release|Any CPU.Build.0 = Release|Any CPU
		{2FCD38F8-98EE-C78B-9B50-A78E63CDC529}.Debug|Any CPU.ActiveCfg = Debug|Any CPU
		{2FCD38F8-98EE-C78B-9B50-A78E63CDC529}.Debug|Any CPU.Build.0 = Debug|Any CPU
		{2FCD38F8-98EE-C78B-9B50-A78E63CDC529}.Release|Any CPU.ActiveCfg = Release|Any CPU
		{2FCD38F8-98EE-C78B-9B50-A78E63CDC529}.Release|Any CPU.Build.0 = Release|Any CPU
	EndGlobalSection
	GlobalSection(SolutionProperties) = preSolution
		HideSolutionNode = FALSE
	EndGlobalSection
	GlobalSection(MonoDevelopProperties) = preSolution
		StartupItem = Assembly-CSharp.csproj
	EndGlobalSection
EndGlobal
